github.com/auth0/go-jwt-middleware/v2 v2.2.0 h1:4WTpcHh+VZJOLEnS4E+hh+vP96Jy1tSbJOMnbJ29/KI=
github.com/auth0/go-jwt-middleware/v2 v2.2.0/go.mod h1:BFCz+RF+1szSkrGNJLYn2ng2PtfzBiKR6fynTvS2A/k=
github.com/aws/aws-lambda-go v1.47.0 h1:0H8s0vumYx/YKs4sE7YM0ktwL2eWse+kfopsRI1sXVI=
github.com/aws/aws-lambda-go v1.47.0/go.mod h1:dpMpZgvWx5vuQJfBt0zqBha60q7Dd7RfgJv23DymV8A=
github.com/joho/godotenv v1.5.1/go.mod h1:f4LDr5Voq0i2e/R5DDNOoa2zzDfwtkZa6DnEwAbqwq4=
golang.org/x/crypto v0.4.0 h1:UVQgzMY87xqpKNgb+kDsll2Igd33HszWHFLmpaRMq/8=
golang.org/x/crypto v0.4.0/go.mod h1:3quD/ATkf6oY+rnes5c3ExXTbLc8mueNue5/DoinL80=
golang.org/x/sync v0.5.0 h1:60k92dhOjHxJkrqnwsfl8KuaHbn/5dl0lUPUklKo3qE=
golang.org/x/sync v0.5.0/go.mod h1:Czt+wKu1gCyEFDUtn0jG5QVvpJ6rzVqr5aXyt9drQfk=
gopkg.in/go-jose/go-jose.v2 v2.6.1 h1:qEzJlIDmG9q5VO0M/o8tGS65QMHMS1w01TQJB1VPJ4U=
gopkg.in/go-jose/go-jose.v2 v2.6.1/go.mod h1:zzZDPkNNw/c9IE7Z9jr11mBZQhKQTMzoEEIoEdZlFBI=
